
Microsoft Visual Studio Solution File, Format Version 12.00
# Visual Studio 15
VisualStudioVersion = 15.0.27703.2047
MinimumVisualStudioVersion = 10.0.40219.1
Project("{FAE04EC0-301F-11D3-BF4B-00C04F79EFBC}") = "SharedClasses", "SharedClasses\SharedClasses.csproj", "{3476F4CF-0EA1-487B-B130-3EB31DA09C62}"
EndProject
Global
	GlobalSection(SolutionConfigurationPlatforms) = preSolution
		Debug|Any CPU = Debug|Any CPU
		Release|Any CPU = Release|Any CPU
	EndGlobalSection
	GlobalSection(ProjectConfigurationPlatforms) = postSolution
		{3476F4CF-0EA1-487B-B130-3EB31DA09C62}.Debug|Any CPU.ActiveCfg = Debug|Any CPU
		{3476F4CF-0EA1-487B-B130-3EB31DA09C62}.Debug|Any CPU.Build.0 = Debug|Any CPU
		{3476F4CF-0EA1-487B-B130-3EB31DA09C62}.Release|Any CPU.ActiveCfg = Release|Any CPU
		{3476F4CF-0EA1-487B-B130-3EB31DA09C62}.Release|Any CPU.Build.0 = Release|Any CPU
	EndGlobalSection
	GlobalSection(SolutionProperties) = preSolution
		HideSolutionNode = FALSE
	EndGlobalSection
	GlobalSection(ExtensibilityGlobals) = postSolution
		SolutionGuid = {45F63A11-7D11-4A2E-8356-5E45550916F5}
	EndGlobalSection
EndGlobal
