
Microsoft Visual Studio Solution File, Format Version 12.00
# Visual Studio 15
VisualStudioVersion = 15.0.27004.2010
MinimumVisualStudioVersion = 10.0.40219.1
Project("{FAE04EC0-301F-11D3-BF4B-00C04F79EFBC}") = "WebinterfaceTest", "WebinterfaceTest\WebinterfaceTest.csproj", "{4589737C-0135-4FB4-84D1-FF2E95FCD289}"
EndProject
Project("{FAE04EC0-301F-11D3-BF4B-00C04F79EFBC}") = "WebinterfaceUnitTest", "WebinterfaceUnitTest\WebinterfaceUnitTest.csproj", "{9E36641E-2D3C-447E-9463-737DBCFE374B}"
EndProject
Global
	GlobalSection(SolutionConfigurationPlatforms) = preSolution
		Debug|Any CPU = Debug|Any CPU
		Release|Any CPU = Release|Any CPU
	EndGlobalSection
	GlobalSection(ProjectConfigurationPlatforms) = postSolution
		{4589737C-0135-4FB4-84D1-FF2E95FCD289}.Debug|Any CPU.ActiveCfg = Debug|Any CPU
		{4589737C-0135-4FB4-84D1-FF2E95FCD289}.Debug|Any CPU.Build.0 = Debug|Any CPU
		{4589737C-0135-4FB4-84D1-FF2E95FCD289}.Release|Any CPU.ActiveCfg = Release|Any CPU
		{4589737C-0135-4FB4-84D1-FF2E95FCD289}.Release|Any CPU.Build.0 = Release|Any CPU
		{9E36641E-2D3C-447E-9463-737DBCFE374B}.Debug|Any CPU.ActiveCfg = Debug|Any CPU
		{9E36641E-2D3C-447E-9463-737DBCFE374B}.Debug|Any CPU.Build.0 = Debug|Any CPU
		{9E36641E-2D3C-447E-9463-737DBCFE374B}.Release|Any CPU.ActiveCfg = Release|Any CPU
		{9E36641E-2D3C-447E-9463-737DBCFE374B}.Release|Any CPU.Build.0 = Release|Any CPU
	EndGlobalSection
	GlobalSection(SolutionProperties) = preSolution
		HideSolutionNode = FALSE
	EndGlobalSection
	GlobalSection(ExtensibilityGlobals) = postSolution
		SolutionGuid = {4F60D3FD-0967-4E3D-AF18-A1E1A65EE0D7}
	EndGlobalSection
EndGlobal
