
Microsoft Visual Studio Solution File, Format Version 12.00
# Visual Studio 15
VisualStudioVersion = 15.0.28010.2003
MinimumVisualStudioVersion = 10.0.40219.1
Project("{FAE04EC0-301F-11D3-BF4B-00C04F79EFBC}") = "Webinterface", "Webinterface\Webinterface.csproj", "{442F1B74-E62E-4F7D-8E53-CFA55B092FCB}"
EndProject
Global
	GlobalSection(SolutionConfigurationPlatforms) = preSolution
		Debug|Any CPU = Debug|Any CPU
		Release|Any CPU = Release|Any CPU
	EndGlobalSection
	GlobalSection(ProjectConfigurationPlatforms) = postSolution
		{442F1B74-E62E-4F7D-8E53-CFA55B092FCB}.Debug|Any CPU.ActiveCfg = Debug|Any CPU
		{442F1B74-E62E-4F7D-8E53-CFA55B092FCB}.Debug|Any CPU.Build.0 = Debug|Any CPU
		{442F1B74-E62E-4F7D-8E53-CFA55B092FCB}.Release|Any CPU.ActiveCfg = Release|Any CPU
		{442F1B74-E62E-4F7D-8E53-CFA55B092FCB}.Release|Any CPU.Build.0 = Release|Any CPU
	EndGlobalSection
	GlobalSection(SolutionProperties) = preSolution
		HideSolutionNode = FALSE
	EndGlobalSection
	GlobalSection(ExtensibilityGlobals) = postSolution
		SolutionGuid = {523B949B-0956-46CB-8419-48E766288E30}
	EndGlobalSection
EndGlobal
